
Microsoft Visual Studio Solution File, Format Version 12.00
# Visual Studio Version 16
VisualStudioVersion = 16.0.30621.155
MinimumVisualStudioVersion = 10.0.40219.1
Project("{FAE04EC0-301F-11D3-BF4B-00C04F79EFBC}") = "RND_Guessing_Game", "RND_Guessing_Game\RND_Guessing_Game.csproj", "{4C4FED2B-5310-43B7-BC1C-ABD26E97C8FE}"
EndProject
Global
	GlobalSection(SolutionConfigurationPlatforms) = preSolution
		Debug|Any CPU = Debug|Any CPU
		Release|Any CPU = Release|Any CPU
	EndGlobalSection
	GlobalSection(ProjectConfigurationPlatforms) = postSolution
		{4C4FED2B-5310-43B7-BC1C-ABD26E97C8FE}.Debug|Any CPU.ActiveCfg = Debug|Any CPU
		{4C4FED2B-5310-43B7-BC1C-ABD26E97C8FE}.Debug|Any CPU.Build.0 = Debug|Any CPU
		{4C4FED2B-5310-43B7-BC1C-ABD26E97C8FE}.Release|Any CPU.ActiveCfg = Release|Any CPU
		{4C4FED2B-5310-43B7-BC1C-ABD26E97C8FE}.Release|Any CPU.Build.0 = Release|Any CPU
	EndGlobalSection
	GlobalSection(SolutionProperties) = preSolution
		HideSolutionNode = FALSE
	EndGlobalSection
	GlobalSection(ExtensibilityGlobals) = postSolution
		SolutionGuid = {FC4BA4C1-62DA-4377-909A-885CD2752015}
	EndGlobalSection
EndGlobal
